
Microsoft Visual Studio Solution File, Format Version 12.00
# Visual Studio 2012
Project("{FAE04EC0-301F-11D3-BF4B-00C04F79EFBC}") = "Scr", "Scr\Scr.csproj", "{68C9B2AF-A318-4934-9629-1AA3BD869E00}"
EndProject
Project("{FAE04EC0-301F-11D3-BF4B-00C04F79EFBC}") = "Common", "Common\Common.csproj", "{DAA7AA7B-BE8D-46C8-8838-05FFC6044F7B}"
EndProject
Project("{FAE04EC0-301F-11D3-BF4B-00C04F79EFBC}") = "ScrGen", "ScrGen\ScrGen.csproj", "{004A3C5B-35B2-4838-BA59-FD84284BA76D}"
EndProject
Project("{FAE04EC0-301F-11D3-BF4B-00C04F79EFBC}") = "ResUpd", "ResUpd\ResUpd.csproj", "{9C775745-8C40-48C8-ACE0-93FF7C6E7628}"
EndProject
Project("{2150E333-8FDC-42A3-9474-1A3956D46DE8}") = "Build", "Build", "{9AC7C3A0-CF14-465C-9A92-F2D172CE20AD}"
	ProjectSection(SolutionItems) = preProject
		Build\build_examples.bat = Build\build_examples.bat
		Build\build_sample.bat = Build\build_sample.bat
		Build\build_screensaver.bat = Build\build_screensaver.bat
		Build\build_scrgen.bat = Build\build_scrgen.bat
		Build\clean.bat = Build\clean.bat
	EndProjectSection
EndProject
Project("{2150E333-8FDC-42A3-9474-1A3956D46DE8}") = "Examples", "Examples", "{3EABC72D-B24E-4CC5-B1C1-C27710478CB1}"
EndProject
Project("{2150E333-8FDC-42A3-9474-1A3956D46DE8}") = "Sample", "Sample", "{4DEE3625-C9B3-409E-B91D-A6A3C64A8788}"
	ProjectSection(SolutionItems) = preProject
		Build\Sample\html5.svg = Build\Sample\html5.svg
		Build\Sample\index.html = Build\Sample\index.html
		Build\Sample\styles.css = Build\Sample\styles.css
	EndProjectSection
EndProject
Project("{2150E333-8FDC-42A3-9474-1A3956D46DE8}") = "PLASMA", "PLASMA", "{240B8F10-A12C-43CD-8CC4-78713C4AE85E}"
	ProjectSection(SolutionItems) = preProject
		Build\Examples\PLASMA\index.html = Build\Examples\PLASMA\index.html
		Build\Examples\PLASMA\main.js = Build\Examples\PLASMA\main.js
		Build\Examples\PLASMA\plasma.js = Build\Examples\PLASMA\plasma.js
		Build\Examples\PLASMA\styles.css = Build\Examples\PLASMA\styles.css
	EndProjectSection
EndProject
Project("{2150E333-8FDC-42A3-9474-1A3956D46DE8}") = "FISHEYE", "FISHEYE", "{F9AB89E8-FBDE-4EB9-816A-EF51083DFEB9}"
	ProjectSection(SolutionItems) = preProject
		Build\Examples\FISHEYE\checkers.js = Build\Examples\FISHEYE\checkers.js
		Build\Examples\FISHEYE\fisheye.js = Build\Examples\FISHEYE\fisheye.js
		Build\Examples\FISHEYE\index.html = Build\Examples\FISHEYE\index.html
		Build\Examples\FISHEYE\main.js = Build\Examples\FISHEYE\main.js
		Build\Examples\FISHEYE\styles.css = Build\Examples\FISHEYE\styles.css
	EndProjectSection
EndProject
Project("{2150E333-8FDC-42A3-9474-1A3956D46DE8}") = "BARS", "BARS", "{5F2EE567-6E0B-4077-917F-4669F9751713}"
	ProjectSection(SolutionItems) = preProject
		Build\Examples\BARS\bars.js = Build\Examples\BARS\bars.js
		Build\Examples\BARS\index.html = Build\Examples\BARS\index.html
		Build\Examples\BARS\main.js = Build\Examples\BARS\main.js
		Build\Examples\BARS\styles.css = Build\Examples\BARS\styles.css
	EndProjectSection
EndProject
Global
	GlobalSection(SolutionConfigurationPlatforms) = preSolution
		Debug|Any CPU = Debug|Any CPU
		Release|Any CPU = Release|Any CPU
	EndGlobalSection
	GlobalSection(ProjectConfigurationPlatforms) = postSolution
		{68C9B2AF-A318-4934-9629-1AA3BD869E00}.Debug|Any CPU.ActiveCfg = Debug|Any CPU
		{68C9B2AF-A318-4934-9629-1AA3BD869E00}.Debug|Any CPU.Build.0 = Debug|Any CPU
		{68C9B2AF-A318-4934-9629-1AA3BD869E00}.Release|Any CPU.ActiveCfg = Release|Any CPU
		{68C9B2AF-A318-4934-9629-1AA3BD869E00}.Release|Any CPU.Build.0 = Release|Any CPU
		{DAA7AA7B-BE8D-46C8-8838-05FFC6044F7B}.Debug|Any CPU.ActiveCfg = Debug|Any CPU
		{DAA7AA7B-BE8D-46C8-8838-05FFC6044F7B}.Release|Any CPU.ActiveCfg = Release|Any CPU
		{004A3C5B-35B2-4838-BA59-FD84284BA76D}.Debug|Any CPU.ActiveCfg = Debug|Any CPU
		{004A3C5B-35B2-4838-BA59-FD84284BA76D}.Debug|Any CPU.Build.0 = Debug|Any CPU
		{004A3C5B-35B2-4838-BA59-FD84284BA76D}.Release|Any CPU.ActiveCfg = Release|Any CPU
		{004A3C5B-35B2-4838-BA59-FD84284BA76D}.Release|Any CPU.Build.0 = Release|Any CPU
		{9C775745-8C40-48C8-ACE0-93FF7C6E7628}.Debug|Any CPU.ActiveCfg = Debug|Any CPU
		{9C775745-8C40-48C8-ACE0-93FF7C6E7628}.Debug|Any CPU.Build.0 = Debug|Any CPU
		{9C775745-8C40-48C8-ACE0-93FF7C6E7628}.Release|Any CPU.ActiveCfg = Release|Any CPU
		{9C775745-8C40-48C8-ACE0-93FF7C6E7628}.Release|Any CPU.Build.0 = Release|Any CPU
	EndGlobalSection
	GlobalSection(SolutionProperties) = preSolution
		HideSolutionNode = FALSE
	EndGlobalSection
	GlobalSection(NestedProjects) = preSolution
		{3EABC72D-B24E-4CC5-B1C1-C27710478CB1} = {9AC7C3A0-CF14-465C-9A92-F2D172CE20AD}
		{4DEE3625-C9B3-409E-B91D-A6A3C64A8788} = {9AC7C3A0-CF14-465C-9A92-F2D172CE20AD}
		{240B8F10-A12C-43CD-8CC4-78713C4AE85E} = {3EABC72D-B24E-4CC5-B1C1-C27710478CB1}
		{F9AB89E8-FBDE-4EB9-816A-EF51083DFEB9} = {3EABC72D-B24E-4CC5-B1C1-C27710478CB1}
		{5F2EE567-6E0B-4077-917F-4669F9751713} = {3EABC72D-B24E-4CC5-B1C1-C27710478CB1}
	EndGlobalSection
EndGlobal
